{
  "requires": true,
  "lockfileVersion": 1,
  "dependencies": {
    "@types/jquery": {
      "version": "3.3.21",
      "resolved": "http://registry.npm.taobao.org/@types/jquery/download/@types/jquery-3.3.21.tgz",
      "integrity": "sha1-hQqEEcz4b4bw1Bju4AJpe/jaPJo=",
      "requires": {
        "@types/sizzle": "2.3.2"
      }
    },
    "@types/sizzle": {
      "version": "2.3.2",
      "resolved": "http://registry.npm.taobao.org/@types/sizzle/download/@types/sizzle-2.3.2.tgz",
      "integrity": "sha1-qBG4wY4rq6t9VCszZYh64uTZ3kc="
    },
    "canvas2image": {
      "version": "1.0.5",
      "resolved": "http://registry.npm.taobao.org/canvas2image/download/canvas2image-1.0.5.tgz",
      "integrity": "sha1-Z2oJS0NjiIordmLli5zl07+8nRQ="
    }
  }
}
